github.com/gammazero/deque v0.2.1 h1:qSdsbG6pgp6nL7A0+K/B7s12mcCY/5l5SIUpMOl+dC0=
github.com/gammazero/deque v0.2.1/go.mod h1:LFroj8x4cMYCukHJDbxFCkT+r9AndaJnFMuZDV34tuU=
github.com/mewpkg/clog v0.0.0-20241218233822-8cb78664cbfc h1:T+H0isoTGmtsOlicsNYenbs1nMKcqDsoNr0ks4xeU8o=
github.com/mewpkg/clog v0.0.0-20241218233822-8cb78664cbfc/go.mod h1:IMxDsyNTPtB41qeSu0JU3owAYW718abSr7CQNgHGjZg=
github.com/mewpkg/term v0.0.0-20241026122259-37a80af23985 h1:h8O1byDZ1uk6RUXMhj1QJU3VXFKXHDZxr4TXRPGeBa8=
github.com/mewpkg/term v0.0.0-20241026122259-37a80af23985/go.mod h1:uiPmbdUbdt1NkGApKl7htQjZ8S7XaGUAVulJUJ9v6q4=
github.com/mewspring/wandi v0.0.0-20210824222811-a0a146afb463 h1:SrgRNxB6/mgqIH8I9T6LzmZLiD5mxiDvgvf+rJCed3k=
github.com/mewspring/wandi v0.0.0-20210824222811-a0a146afb463/go.mod h1:Sf2NcF9EI0X1QCK7O2tTzp0E+50IFWHMBDGjAMSJLCU=
github.com/mewspring/we v0.0.0-20231013173124-4d6e5b9e39b3 h1:pweM7vhhNhMWigBwDWXBmFc5PMDQ7M3XPuIgpJ4YSHg=
github.com/mewspring/we v0.0.0-20231013173124-4d6e5b9e39b3/go.mod h1:oV2hexc+umTVhKk/q2a3ktSWCZCGg6WDAy8NS2JW14k=
github.com/pkg/errors v0.9.1 h1:FEBLx1zS214owpjy7qsBeixbURkuhQAwrK5UwLGTwt4=
github.com/pkg/errors v0.9.1/go.mod h1:bwawxfHBFNV+L2hUp1rHADufV3IMtnDRdf1r5NINEl0=
